
Microsoft Visual Studio Solution File, Format Version 12.00
# Visual Studio Version 16
VisualStudioVersion = 16.0.31025.194
MinimumVisualStudioVersion = 10.0.40219.1
Project("{FAE04EC0-301F-11D3-BF4B-00C04F79EFBC}") = "BPC-OOP-CV09", "BPC-OOP-CV09.csproj", "{D5CB05D4-9512-4D46-8AC1-34174345D742}"
EndProject
Global
	GlobalSection(SolutionConfigurationPlatforms) = preSolution
		Debug|Any CPU = Debug|Any CPU
		Release|Any CPU = Release|Any CPU
	EndGlobalSection
	GlobalSection(ProjectConfigurationPlatforms) = postSolution
		{D5CB05D4-9512-4D46-8AC1-34174345D742}.Debug|Any CPU.ActiveCfg = Debug|Any CPU
		{D5CB05D4-9512-4D46-8AC1-34174345D742}.Debug|Any CPU.Build.0 = Debug|Any CPU
		{D5CB05D4-9512-4D46-8AC1-34174345D742}.Release|Any CPU.ActiveCfg = Release|Any CPU
		{D5CB05D4-9512-4D46-8AC1-34174345D742}.Release|Any CPU.Build.0 = Release|Any CPU
	EndGlobalSection
	GlobalSection(SolutionProperties) = preSolution
		HideSolutionNode = FALSE
	EndGlobalSection
	GlobalSection(ExtensibilityGlobals) = postSolution
		SolutionGuid = {D2CDD32E-FAC3-45EB-97D0-660253F6EED8}
	EndGlobalSection
EndGlobal
